// !$*UTF8*$!
{
	archiveVersion = 1;
	classes = {
	};
	objectVersion = 46;
	objects = {

/* Begin PBXBuildFile section */
		888B961317B6FD06000B5911 /* Foundation.framework in Frameworks */ = {isa = PBXBuildFile; fileRef = 888B961217B6FD06000B5911 /* Foundation.framework */; };
		888B961517B6FD06000B5911 /* CoreGraphics.framework in Frameworks */ = {isa = PBXBuildFile; fileRef = 888B961417B6FD06000B5911 /* CoreGraphics.framework */; };
		888B961717B6FD06000B5911 /* UIKit.framework in Frameworks */ = {isa = PBXBuildFile; fileRef = 888B961617B6FD06000B5911 /* UIKit.framework */; };
		888B961D17B6FD06000B5911 /* InfoPlist.strings in Resources */ = {isa = PBXBuildFile; fileRef = 888B961B17B6FD06000B5911 /* InfoPlist.strings */; };
		888B961F17B6FD06000B5911 /* main.m in Sources */ = {isa = PBXBuildFile; fileRef = 888B961E17B6FD06000B5911 /* main.m */; };
		888B962317B6FD06000B5911 /* AppDelegate.m in Sources */ = {isa = PBXBuildFile; fileRef = 888B962217B6FD06000B5911 /* AppDelegate.m */; };
		888B962617B6FD06000B5911 /* Main.storyboard in Resources */ = {isa = PBXBuildFile; fileRef = 888B962417B6FD06000B5911 /* Main.storyboard */; };
		888B962917B6FD07000B5911 /* ViewController.m in Sources */ = {isa = PBXBuildFile; fileRef = 888B962817B6FD07000B5911 /* ViewController.m */; };
		888B962B17B6FD07000B5911 /* Images.xcassets in Resources */ = {isa = PBXBuildFile; fileRef = 888B962A17B6FD07000B5911 /* Images.xcassets */; };
		888B963217B6FD07000B5911 /* XCTest.framework in Frameworks */ = {isa = PBXBuildFile; fileRef = 888B963117B6FD07000B5911 /* XCTest.framework */; };
		888B963317B6FD07000B5911 /* Foundation.framework in Frameworks */ = {isa = PBXBuildFile; fileRef = 888B961217B6FD06000B5911 /* Foundation.framework */; };
		888B963417B6FD07000B5911 /* UIKit.framework in Frameworks */ = {isa = PBXBuildFile; fileRef = 888B961617B6FD06000B5911 /* UIKit.framework */; };
		888B963C17B6FD07000B5911 /* InfoPlist.strings in Resources */ = {isa = PBXBuildFile; fileRef = 888B963A17B6FD07000B5911 /* InfoPlist.strings */; };
		888B963E17B6FD07000B5911 /* Recipe_7_1__Marking_Locations_wiht_PinsTests.m in Sources */ = {isa = PBXBuildFile; fileRef = 888B963D17B6FD07000B5911 /* Recipe_7_1__Marking_Locations_wiht_PinsTests.m */; };
		888B964817B6FE0A000B5911 /* MapKit.framework in Frameworks */ = {isa = PBXBuildFile; fileRef = 888B964717B6FE0A000B5911 /* MapKit.framework */; };
		888B964A17B6FE20000B5911 /* CoreLocation.framework in Frameworks */ = {isa = PBXBuildFile; fileRef = 888B964917B6FE20000B5911 /* CoreLocation.framework */; };
/* End PBXBuildFile section */

/* Begin PBXContainerItemProxy section */
		888B963517B6FD07000B5911 /* PBXContainerItemProxy */ = {
			isa = PBXContainerItemProxy;
			containerPortal = 888B960717B6FD05000B5911 /* Project object */;
			proxyType = 1;
			remoteGlobalIDString = 888B960E17B6FD06000B5911;
			remoteInfo = "Recipe 7-1: Marking Locations wiht Pins";
		};
/* End PBXContainerItemProxy section */

/* Begin PBXFileReference section */
		888B960F17B6FD06000B5911 /* Recipe 7-2 Marking Locations wiht Pins.app */ = {isa = PBXFileReference; explicitFileType = wrapper.application; includeInIndex = 0; path = "Recipe 7-2 Marking Locations wiht Pins.app"; sourceTree = BUILT_PRODUCTS_DIR; };
		888B961217B6FD06000B5911 /* Foundation.framework */ = {isa = PBXFileReference; lastKnownFileType = wrapper.framework; name = Foundation.framework; path = System/Library/Frameworks/Foundation.framework; sourceTree = SDKROOT; };
		888B961417B6FD06000B5911 /* CoreGraphics.framework */ = {isa = PBXFileReference; lastKnownFileType = wrapper.framework; name = CoreGraphics.framework; path = System/Library/Frameworks/CoreGraphics.framework; sourceTree = SDKROOT; };
		888B961617B6FD06000B5911 /* UIKit.framework */ = {isa = PBXFileReference; lastKnownFileType = wrapper.framework; name = UIKit.framework; path = System/Library/Frameworks/UIKit.framework; sourceTree = SDKROOT; };
		888B961A17B6FD06000B5911 /* Recipe 7-2 Marking Locations wiht Pins-Info.plist */ = {isa = PBXFileReference; lastKnownFileType = text.plist.xml; path = "Recipe 7-2 Marking Locations wiht Pins-Info.plist"; sourceTree = "<group>"; };
		888B961C17B6FD06000B5911 /* en */ = {isa = PBXFileReference; lastKnownFileType = text.plist.strings; name = en; path = en.lproj/InfoPlist.strings; sourceTree = "<group>"; };
		888B961E17B6FD06000B5911 /* main.m */ = {isa = PBXFileReference; lastKnownFileType = sourcecode.c.objc; path = main.m; sourceTree = "<group>"; };
		888B962017B6FD06000B5911 /* Recipe 7-2 Marking Locations wiht Pins-Prefix.pch */ = {isa = PBXFileReference; lastKnownFileType = sourcecode.c.h; path = "Recipe 7-2 Marking Locations wiht Pins-Prefix.pch"; sourceTree = "<group>"; };
		888B962117B6FD06000B5911 /* AppDelegate.h */ = {isa = PBXFileReference; lastKnownFileType = sourcecode.c.h; path = AppDelegate.h; sourceTree = "<group>"; };
		888B962217B6FD06000B5911 /* AppDelegate.m */ = {isa = PBXFileReference; lastKnownFileType = sourcecode.c.objc; path = AppDelegate.m; sourceTree = "<group>"; };
		888B962517B6FD06000B5911 /* Base */ = {isa = PBXFileReference; lastKnownFileType = file.storyboard; name = Base; path = Base.lproj/Main.storyboard; sourceTree = "<group>"; };
		888B962717B6FD07000B5911 /* ViewController.h */ = {isa = PBXFileReference; lastKnownFileType = sourcecode.c.h; path = ViewController.h; sourceTree = "<group>"; };
		888B962817B6FD07000B5911 /* ViewController.m */ = {isa = PBXFileReference; lastKnownFileType = sourcecode.c.objc; path = ViewController.m; sourceTree = "<group>"; };
		888B962A17B6FD07000B5911 /* Images.xcassets */ = {isa = PBXFileReference; lastKnownFileType = folder.assetcatalog; path = Images.xcassets; sourceTree = "<group>"; };
		888B963017B6FD07000B5911 /* Recipe 7-2 Marking Locations wiht PinsTests.xctest */ = {isa = PBXFileReference; explicitFileType = wrapper.cfbundle; includeInIndex = 0; path = "Recipe 7-2 Marking Locations wiht PinsTests.xctest"; sourceTree = BUILT_PRODUCTS_DIR; };
		888B963117B6FD07000B5911 /* XCTest.framework */ = {isa = PBXFileReference; lastKnownFileType = wrapper.framework; name = XCTest.framework; path = Library/Frameworks/XCTest.framework; sourceTree = DEVELOPER_DIR; };
		888B963917B6FD07000B5911 /* Recipe 7-2 Marking Locations wiht PinsTests-Info.plist */ = {isa = PBXFileReference; lastKnownFileType = text.plist.xml; path = "Recipe 7-2 Marking Locations wiht PinsTests-Info.plist"; sourceTree = "<group>"; };
		888B963B17B6FD07000B5911 /* en */ = {isa = PBXFileReference; lastKnownFileType = text.plist.strings; name = en; path = en.lproj/InfoPlist.strings; sourceTree = "<group>"; };
		888B963D17B6FD07000B5911 /* Recipe_7_1__Marking_Locations_wiht_PinsTests.m */ = {isa = PBXFileReference; lastKnownFileType = sourcecode.c.objc; path = Recipe_7_1__Marking_Locations_wiht_PinsTests.m; sourceTree = "<group>"; };
		888B964717B6FE0A000B5911 /* MapKit.framework */ = {isa = PBXFileReference; lastKnownFileType = wrapper.framework; name = MapKit.framework; path = System/Library/Frameworks/MapKit.framework; sourceTree = SDKROOT; };
		888B964917B6FE20000B5911 /* CoreLocation.framework */ = {isa = PBXFileReference; lastKnownFileType = wrapper.framework; name = CoreLocation.framework; path = System/Library/Frameworks/CoreLocation.framework; sourceTree = SDKROOT; };
/* End PBXFileReference section */

/* Begin PBXFrameworksBuildPhase section */
		888B960C17B6FD06000B5911 /* Frameworks */ = {
			isa = PBXFrameworksBuildPhase;
			buildActionMask = 2147483647;
			files = (
				888B964A17B6FE20000B5911 /* CoreLocation.framework in Frameworks */,
				888B964817B6FE0A000B5911 /* MapKit.framework in Frameworks */,
				888B961517B6FD06000B5911 /* CoreGraphics.framework in Frameworks */,
				888B961717B6FD06000B5911 /* UIKit.framework in Frameworks */,
				888B961317B6FD06000B5911 /* Foundation.framework in Frameworks */,
			);
			runOnlyForDeploymentPostprocessing = 0;
		};
		888B962D17B6FD07000B5911 /* Frameworks */ = {
			isa = PBXFrameworksBuildPhase;
			buildActionMask = 2147483647;
			files = (
				888B963217B6FD07000B5911 /* XCTest.framework in Frameworks */,
				888B963417B6FD07000B5911 /* UIKit.framework in Frameworks */,
				888B963317B6FD07000B5911 /* Foundation.framework in Frameworks */,
			);
			runOnlyForDeploymentPostprocessing = 0;
		};
/* End PBXFrameworksBuildPhase section */

/* Begin PBXGroup section */
		888B960617B6FD05000B5911 = {
			isa = PBXGroup;
			children = (
				888B961817B6FD06000B5911 /* Recipe 7-2 Marking Locations wiht Pins */,
				888B963717B6FD07000B5911 /* Recipe 7-2 Marking Locations wiht PinsTests */,
				888B961117B6FD06000B5911 /* Frameworks */,
				888B961017B6FD06000B5911 /* Products */,
			);
			sourceTree = "<group>";
		};
		888B961017B6FD06000B5911 /* Products */ = {
			isa = PBXGroup;
			children = (
				888B960F17B6FD06000B5911 /* Recipe 7-2 Marking Locations wiht Pins.app */,
				888B963017B6FD07000B5911 /* Recipe 7-2 Marking Locations wiht PinsTests.xctest */,
			);
			name = Products;
			sourceTree = "<group>";
		};
		888B961117B6FD06000B5911 /* Frameworks */ = {
			isa = PBXGroup;
			children = (
				888B964917B6FE20000B5911 /* CoreLocation.framework */,
				888B964717B6FE0A000B5911 /* MapKit.framework */,
				888B961217B6FD06000B5911 /* Foundation.framework */,
				888B961417B6FD06000B5911 /* CoreGraphics.framework */,
				888B961617B6FD06000B5911 /* UIKit.framework */,
				888B963117B6FD07000B5911 /* XCTest.framework */,
			);
			name = Frameworks;
			sourceTree = "<group>";
		};
		888B961817B6FD06000B5911 /* Recipe 7-2 Marking Locations wiht Pins */ = {
			isa = PBXGroup;
			children = (
				888B962117B6FD06000B5911 /* AppDelegate.h */,
				888B962217B6FD06000B5911 /* AppDelegate.m */,
				888B962417B6FD06000B5911 /* Main.storyboard */,
				888B962717B6FD07000B5911 /* ViewController.h */,
				888B962817B6FD07000B5911 /* ViewController.m */,
				888B962A17B6FD07000B5911 /* Images.xcassets */,
				888B961917B6FD06000B5911 /* Supporting Files */,
			);
			name = "Recipe 7-2 Marking Locations wiht Pins";
			path = "Recipe 7-1: Marking Locations wiht Pins";
			sourceTree = "<group>";
		};
		888B961917B6FD06000B5911 /* Supporting Files */ = {
			isa = PBXGroup;
			children = (
				888B961A17B6FD06000B5911 /* Recipe 7-2 Marking Locations wiht Pins-Info.plist */,
				888B961B17B6FD06000B5911 /* InfoPlist.strings */,
				888B961E17B6FD06000B5911 /* main.m */,
				888B962017B6FD06000B5911 /* Recipe 7-2 Marking Locations wiht Pins-Prefix.pch */,
			);
			name = "Supporting Files";
			sourceTree = "<group>";
		};
		888B963717B6FD07000B5911 /* Recipe 7-2 Marking Locations wiht PinsTests */ = {
			isa = PBXGroup;
			children = (
				888B963D17B6FD07000B5911 /* Recipe_7_1__Marking_Locations_wiht_PinsTests.m */,
				888B963817B6FD07000B5911 /* Supporting Files */,
			);
			name = "Recipe 7-2 Marking Locations wiht PinsTests";
			path = "Recipe 7-1: Marking Locations wiht PinsTests";
			sourceTree = "<group>";
		};
		888B963817B6FD07000B5911 /* Supporting Files */ = {
			isa = PBXGroup;
			children = (
				888B963917B6FD07000B5911 /* Recipe 7-2 Marking Locations wiht PinsTests-Info.plist */,
				888B963A17B6FD07000B5911 /* InfoPlist.strings */,
			);
			name = "Supporting Files";
			sourceTree = "<group>";
		};
/* End PBXGroup section */

/* Begin PBXNativeTarget section */
		888B960E17B6FD06000B5911 /* Recipe 7-2 Marking Locations wiht Pins */ = {
			isa = PBXNativeTarget;
			buildConfigurationList = 888B964117B6FD07000B5911 /* Build configuration list for PBXNativeTarget "Recipe 7-2 Marking Locations wiht Pins" */;
			buildPhases = (
				888B960B17B6FD06000B5911 /* Sources */,
				888B960C17B6FD06000B5911 /* Frameworks */,
				888B960D17B6FD06000B5911 /* Resources */,
			);
			buildRules = (
			);
			dependencies = (
			);
			name = "Recipe 7-2 Marking Locations wiht Pins";
			productName = "Recipe 7-1: Marking Locations wiht Pins";
			productReference = 888B960F17B6FD06000B5911 /* Recipe 7-2 Marking Locations wiht Pins.app */;
			productType = "com.apple.product-type.application";
		};
		888B962F17B6FD07000B5911 /* Recipe 7-2 Marking Locations wiht PinsTests */ = {
			isa = PBXNativeTarget;
			buildConfigurationList = 888B964417B6FD07000B5911 /* Build configuration list for PBXNativeTarget "Recipe 7-2 Marking Locations wiht PinsTests" */;
			buildPhases = (
				888B962C17B6FD07000B5911 /* Sources */,
				888B962D17B6FD07000B5911 /* Frameworks */,
				888B962E17B6FD07000B5911 /* Resources */,
			);
			buildRules = (
			);
			dependencies = (
				888B963617B6FD07000B5911 /* PBXTargetDependency */,
			);
			name = "Recipe 7-2 Marking Locations wiht PinsTests";
			productName = "Recipe 7-1: Marking Locations wiht PinsTests";
			productReference = 888B963017B6FD07000B5911 /* Recipe 7-2 Marking Locations wiht PinsTests.xctest */;
			productType = "com.apple.product-type.bundle.unit-test";
		};
/* End PBXNativeTarget section */

/* Begin PBXProject section */
		888B960717B6FD05000B5911 /* Project object */ = {
			isa = PBXProject;
			attributes = {
				LastUpgradeCheck = 0500;
				ORGANIZATIONNAME = NSCookbook;
				TargetAttributes = {
					888B962F17B6FD07000B5911 = {
						TestTargetID = 888B960E17B6FD06000B5911;
					};
				};
			};
			buildConfigurationList = 888B960A17B6FD05000B5911 /* Build configuration list for PBXProject "Recipe 7-2 Marking Locations wiht Pins" */;
			compatibilityVersion = "Xcode 3.2";
			developmentRegion = English;
			hasScannedForEncodings = 0;
			knownRegions = (
				en,
				Base,
			);
			mainGroup = 888B960617B6FD05000B5911;
			productRefGroup = 888B961017B6FD06000B5911 /* Products */;
			projectDirPath = "";
			projectRoot = "";
			targets = (
				888B960E17B6FD06000B5911 /* Recipe 7-2 Marking Locations wiht Pins */,
				888B962F17B6FD07000B5911 /* Recipe 7-2 Marking Locations wiht PinsTests */,
			);
		};
/* End PBXProject section */

/* Begin PBXResourcesBuildPhase section */
		888B960D17B6FD06000B5911 /* Resources */ = {
			isa = PBXResourcesBuildPhase;
			buildActionMask = 2147483647;
			files = (
				888B962B17B6FD07000B5911 /* Images.xcassets in Resources */,
				888B961D17B6FD06000B5911 /* InfoPlist.strings in Resources */,
				888B962617B6FD06000B5911 /* Main.storyboard in Resources */,
			);
			runOnlyForDeploymentPostprocessing = 0;
		};
		888B962E17B6FD07000B5911 /* Resources */ = {
			isa = PBXResourcesBuildPhase;
			buildActionMask = 2147483647;
			files = (
				888B963C17B6FD07000B5911 /* InfoPlist.strings in Resources */,
			);
			runOnlyForDeploymentPostprocessing = 0;
		};
/* End PBXResourcesBuildPhase section */

/* Begin PBXSourcesBuildPhase section */
		888B960B17B6FD06000B5911 /* Sources */ = {
			isa = PBXSourcesBuildPhase;
			buildActionMask = 2147483647;
			files = (
				888B962917B6FD07000B5911 /* ViewController.m in Sources */,
				888B962317B6FD06000B5911 /* AppDelegate.m in Sources */,
				888B961F17B6FD06000B5911 /* main.m in Sources */,
			);
			runOnlyForDeploymentPostprocessing = 0;
		};
		888B962C17B6FD07000B5911 /* Sources */ = {
			isa = PBXSourcesBuildPhase;
			buildActionMask = 2147483647;
			files = (
				888B963E17B6FD07000B5911 /* Recipe_7_1__Marking_Locations_wiht_PinsTests.m in Sources */,
			);
			runOnlyForDeploymentPostprocessing = 0;
		};
/* End PBXSourcesBuildPhase section */

/* Begin PBXTargetDependency section */
		888B963617B6FD07000B5911 /* PBXTargetDependency */ = {
			isa = PBXTargetDependency;
			target = 888B960E17B6FD06000B5911 /* Recipe 7-2 Marking Locations wiht Pins */;
			targetProxy = 888B963517B6FD07000B5911 /* PBXContainerItemProxy */;
		};
/* End PBXTargetDependency section */

/* Begin PBXVariantGroup section */
		888B961B17B6FD06000B5911 /* InfoPlist.strings */ = {
			isa = PBXVariantGroup;
			children = (
				888B961C17B6FD06000B5911 /* en */,
			);
			name = InfoPlist.strings;
			sourceTree = "<group>";
		};
		888B962417B6FD06000B5911 /* Main.storyboard */ = {
			isa = PBXVariantGroup;
			children = (
				888B962517B6FD06000B5911 /* Base */,
			);
			name = Main.storyboard;
			sourceTree = "<group>";
		};
		888B963A17B6FD07000B5911 /* InfoPlist.strings */ = {
			isa = PBXVariantGroup;
			children = (
				888B963B17B6FD07000B5911 /* en */,
			);
			name = InfoPlist.strings;
			sourceTree = "<group>";
		};
/* End PBXVariantGroup section */

/* Begin XCBuildConfiguration section */
		888B963F17B6FD07000B5911 /* Debug */ = {
			isa = XCBuildConfiguration;
			buildSettings = {
				ALWAYS_SEARCH_USER_PATHS = NO;
				CLANG_CXX_LANGUAGE_STANDARD = "gnu++0x";
				CLANG_CXX_LIBRARY = "libc++";
				CLANG_ENABLE_MODULES = YES;
				CLANG_ENABLE_OBJC_ARC = YES;
				CLANG_WARN_BOOL_CONVERSION = YES;
				CLANG_WARN_CONSTANT_CONVERSION = YES;
				CLANG_WARN_DIRECT_OBJC_ISA_USAGE = YES_ERROR;
				CLANG_WARN_EMPTY_BODY = YES;
				CLANG_WARN_ENUM_CONVERSION = YES;
				CLANG_WARN_INT_CONVERSION = YES;
				CLANG_WARN_OBJC_ROOT_CLASS = YES_ERROR;
				CLANG_WARN__DUPLICATE_METHOD_MATCH = YES;
				"CODE_SIGN_IDENTITY[sdk=iphoneos*]" = "iPhone Developer";
				COPY_PHASE_STRIP = NO;
				GCC_C_LANGUAGE_STANDARD = gnu99;
				GCC_DYNAMIC_NO_PIC = NO;
				GCC_OPTIMIZATION_LEVEL = 0;
				GCC_PREPROCESSOR_DEFINITIONS = (
					"DEBUG=1",
					"$(inherited)",
				);
				GCC_SYMBOLS_PRIVATE_EXTERN = NO;
				GCC_WARN_ABOUT_RETURN_TYPE = YES_ERROR;
				GCC_WARN_UNDECLARED_SELECTOR = YES;
				GCC_WARN_UNINITIALIZED_AUTOS = YES;
				GCC_WARN_UNUSED_FUNCTION = YES;
				GCC_WARN_UNUSED_VARIABLE = YES;
				IPHONEOS_DEPLOYMENT_TARGET = 7.0;
				ONLY_ACTIVE_ARCH = YES;
				SDKROOT = iphoneos;
			};
			name = Debug;
		};
		888B964017B6FD07000B5911 /* Release */ = {
			isa = XCBuildConfiguration;
			buildSettings = {
				ALWAYS_SEARCH_USER_PATHS = NO;
				CLANG_CXX_LANGUAGE_STANDARD = "gnu++0x";
				CLANG_CXX_LIBRARY = "libc++";
				CLANG_ENABLE_MODULES = YES;
				CLANG_ENABLE_OBJC_ARC = YES;
				CLANG_WARN_BOOL_CONVERSION = YES;
				CLANG_WARN_CONSTANT_CONVERSION = YES;
				CLANG_WARN_DIRECT_OBJC_ISA_USAGE = YES_ERROR;
				CLANG_WARN_EMPTY_BODY = YES;
				CLANG_WARN_ENUM_CONVERSION = YES;
				CLANG_WARN_INT_CONVERSION = YES;
				CLANG_WARN_OBJC_ROOT_CLASS = YES_ERROR;
				CLANG_WARN__DUPLICATE_METHOD_MATCH = YES;
				"CODE_SIGN_IDENTITY[sdk=iphoneos*]" = "iPhone Developer";
				COPY_PHASE_STRIP = YES;
				ENABLE_NS_ASSERTIONS = NO;
				GCC_C_LANGUAGE_STANDARD = gnu99;
				GCC_WARN_ABOUT_RETURN_TYPE = YES_ERROR;
				GCC_WARN_UNDECLARED_SELECTOR = YES;
				GCC_WARN_UNINITIALIZED_AUTOS = YES;
				GCC_WARN_UNUSED_FUNCTION = YES;
				GCC_WARN_UNUSED_VARIABLE = YES;
				IPHONEOS_DEPLOYMENT_TARGET = 7.0;
				SDKROOT = iphoneos;
				VALIDATE_PRODUCT = YES;
			};
			name = Release;
		};
		888B964217B6FD07000B5911 /* Debug */ = {
			isa = XCBuildConfiguration;
			buildSettings = {
				ASSETCATALOG_COMPILER_APPICON_NAME = AppIcon;
				ASSETCATALOG_COMPILER_LAUNCHIMAGE_NAME = LaunchImage;
				GCC_PRECOMPILE_PREFIX_HEADER = YES;
				GCC_PREFIX_HEADER = "Recipe 7-1: Marking Locations wiht Pins/Recipe 7-2 Marking Locations wiht Pins-Prefix.pch";
				INFOPLIST_FILE = "Recipe 7-1: Marking Locations wiht Pins/Recipe 7-2 Marking Locations wiht Pins-Info.plist";
				PRODUCT_NAME = "Recipe 7-2 Marking Locations wiht Pins";
				WRAPPER_EXTENSION = app;
			};
			name = Debug;
		};
		888B964317B6FD07000B5911 /* Release */ = {
			isa = XCBuildConfiguration;
			buildSettings = {
				ASSETCATALOG_COMPILER_APPICON_NAME = AppIcon;
				ASSETCATALOG_COMPILER_LAUNCHIMAGE_NAME = LaunchImage;
				GCC_PRECOMPILE_PREFIX_HEADER = YES;
				GCC_PREFIX_HEADER = "Recipe 7-1: Marking Locations wiht Pins/Recipe 7-2 Marking Locations wiht Pins-Prefix.pch";
				INFOPLIST_FILE = "Recipe 7-1: Marking Locations wiht Pins/Recipe 7-2 Marking Locations wiht Pins-Info.plist";
				PRODUCT_NAME = "Recipe 7-2 Marking Locations wiht Pins";
				WRAPPER_EXTENSION = app;
			};
			name = Release;
		};
		888B964517B6FD07000B5911 /* Debug */ = {
			isa = XCBuildConfiguration;
			buildSettings = {
				BUNDLE_LOADER = "$(BUILT_PRODUCTS_DIR)/Recipe 7-1: Marking Locations wiht Pins.app/Recipe 7-1: Marking Locations wiht Pins";
				FRAMEWORK_SEARCH_PATHS = (
					"$(SDKROOT)/Developer/Library/Frameworks",
					"$(inherited)",
					"$(DEVELOPER_FRAMEWORKS_DIR)",
				);
				GCC_PRECOMPILE_PREFIX_HEADER = YES;
				GCC_PREFIX_HEADER = "Recipe 7-1: Marking Locations wiht Pins/Recipe 7-1: Marking Locations wiht Pins-Prefix.pch";
				GCC_PREPROCESSOR_DEFINITIONS = (
					"DEBUG=1",
					"$(inherited)",
				);
				INFOPLIST_FILE = "Recipe 7-1: Marking Locations wiht PinsTests/Recipe 7-2 Marking Locations wiht PinsTests-Info.plist";
				PRODUCT_NAME = "Recipe 7-2 Marking Locations wiht PinsTests";
				TEST_HOST = "$(BUNDLE_LOADER)";
				WRAPPER_EXTENSION = xctest;
			};
			name = Debug;
		};
		888B964617B6FD07000B5911 /* Release */ = {
			isa = XCBuildConfiguration;
			buildSettings = {
				BUNDLE_LOADER = "$(BUILT_PRODUCTS_DIR)/Recipe 7-1: Marking Locations wiht Pins.app/Recipe 7-1: Marking Locations wiht Pins";
				FRAMEWORK_SEARCH_PATHS = (
					"$(SDKROOT)/Developer/Library/Frameworks",
					"$(inherited)",
					"$(DEVELOPER_FRAMEWORKS_DIR)",
				);
				GCC_PRECOMPILE_PREFIX_HEADER = YES;
				GCC_PREFIX_HEADER = "Recipe 7-1: Marking Locations wiht Pins/Recipe 7-1: Marking Locations wiht Pins-Prefix.pch";
				INFOPLIST_FILE = "Recipe 7-1: Marking Locations wiht PinsTests/Recipe 7-2 Marking Locations wiht PinsTests-Info.plist";
				PRODUCT_NAME = "Recipe 7-2 Marking Locations wiht PinsTests";
				TEST_HOST = "$(BUNDLE_LOADER)";
				WRAPPER_EXTENSION = xctest;
			};
			name = Release;
		};
/* End XCBuildConfiguration section */

/* Begin XCConfigurationList section */
		888B960A17B6FD05000B5911 /* Build configuration list for PBXProject "Recipe 7-2 Marking Locations wiht Pins" */ = {
			isa = XCConfigurationList;
			buildConfigurations = (
				888B963F17B6FD07000B5911 /* Debug */,
				888B964017B6FD07000B5911 /* Release */,
			);
			defaultConfigurationIsVisible = 0;
			defaultConfigurationName = Release;
		};
		888B964117B6FD07000B5911 /* Build configuration list for PBXNativeTarget "Recipe 7-2 Marking Locations wiht Pins" */ = {
			isa = XCConfigurationList;
			buildConfigurations = (
				888B964217B6FD07000B5911 /* Debug */,
				888B964317B6FD07000B5911 /* Release */,
			);
			defaultConfigurationIsVisible = 0;
			defaultConfigurationName = Release;
		};
		888B964417B6FD07000B5911 /* Build configuration list for PBXNativeTarget "Recipe 7-2 Marking Locations wiht PinsTests" */ = {
			isa = XCConfigurationList;
			buildConfigurations = (
				888B964517B6FD07000B5911 /* Debug */,
				888B964617B6FD07000B5911 /* Release */,
			);
			defaultConfigurationIsVisible = 0;
			defaultConfigurationName = Release;
		};
/* End XCConfigurationList section */
	};
	rootObject = 888B960717B6FD05000B5911 /* Project object */;
}
