// !$*UTF8*$!
{
	archiveVersion = 1;
	classes = {
	};
	objectVersion = 46;
	objects = {

/* Begin PBXBuildFile section */
		8848E16F17D6DE3C007110E0 /* Foundation.framework in Frameworks */ = {isa = PBXBuildFile; fileRef = 8848E16E17D6DE3C007110E0 /* Foundation.framework */; };
		8848E17117D6DE3D007110E0 /* CoreGraphics.framework in Frameworks */ = {isa = PBXBuildFile; fileRef = 8848E17017D6DE3C007110E0 /* CoreGraphics.framework */; };
		8848E17317D6DE3D007110E0 /* UIKit.framework in Frameworks */ = {isa = PBXBuildFile; fileRef = 8848E17217D6DE3D007110E0 /* UIKit.framework */; };
		8848E17517D6DE3D007110E0 /* CoreData.framework in Frameworks */ = {isa = PBXBuildFile; fileRef = 8848E17417D6DE3D007110E0 /* CoreData.framework */; };
		8848E17B17D6DE3D007110E0 /* InfoPlist.strings in Resources */ = {isa = PBXBuildFile; fileRef = 8848E17917D6DE3D007110E0 /* InfoPlist.strings */; };
		8848E17D17D6DE3D007110E0 /* main.m in Sources */ = {isa = PBXBuildFile; fileRef = 8848E17C17D6DE3D007110E0 /* main.m */; };
		8848E18117D6DE3D007110E0 /* AppDelegate.m in Sources */ = {isa = PBXBuildFile; fileRef = 8848E18017D6DE3D007110E0 /* AppDelegate.m */; };
		8848E18417D6DE3D007110E0 /* Recipe_15_3_Using_Core_Data.xcdatamodeld in Sources */ = {isa = PBXBuildFile; fileRef = 8848E18217D6DE3D007110E0 /* Recipe_15_3_Using_Core_Data.xcdatamodeld */; };
		8848E18617D6DE3D007110E0 /* Images.xcassets in Resources */ = {isa = PBXBuildFile; fileRef = 8848E18517D6DE3D007110E0 /* Images.xcassets */; };
		8848E18D17D6DE3D007110E0 /* XCTest.framework in Frameworks */ = {isa = PBXBuildFile; fileRef = 8848E18C17D6DE3D007110E0 /* XCTest.framework */; };
		8848E18E17D6DE3D007110E0 /* Foundation.framework in Frameworks */ = {isa = PBXBuildFile; fileRef = 8848E16E17D6DE3C007110E0 /* Foundation.framework */; };
		8848E18F17D6DE3D007110E0 /* UIKit.framework in Frameworks */ = {isa = PBXBuildFile; fileRef = 8848E17217D6DE3D007110E0 /* UIKit.framework */; };
		8848E19017D6DE3D007110E0 /* CoreData.framework in Frameworks */ = {isa = PBXBuildFile; fileRef = 8848E17417D6DE3D007110E0 /* CoreData.framework */; };
		8848E19817D6DE3D007110E0 /* InfoPlist.strings in Resources */ = {isa = PBXBuildFile; fileRef = 8848E19617D6DE3D007110E0 /* InfoPlist.strings */; };
		8848E19A17D6DE3D007110E0 /* Recipe_15_3_Using_Core_DataTests.m in Sources */ = {isa = PBXBuildFile; fileRef = 8848E19917D6DE3D007110E0 /* Recipe_15_3_Using_Core_DataTests.m */; };
		8848E1A517D6E36A007110E0 /* Vocabulary.m in Sources */ = {isa = PBXBuildFile; fileRef = 8848E1A417D6E36A007110E0 /* Vocabulary.m */; };
		8848E1A817D6E376007110E0 /* Word.m in Sources */ = {isa = PBXBuildFile; fileRef = 8848E1A717D6E376007110E0 /* Word.m */; };
		8848E1AB17D6E430007110E0 /* VocabulariesViewController.m in Sources */ = {isa = PBXBuildFile; fileRef = 8848E1AA17D6E430007110E0 /* VocabulariesViewController.m */; };
		8848E1AE17D6E7CB007110E0 /* WordsViewController.m in Sources */ = {isa = PBXBuildFile; fileRef = 8848E1AD17D6E7CB007110E0 /* WordsViewController.m */; };
		8848E1B217D6E939007110E0 /* EditWordViewController.m in Sources */ = {isa = PBXBuildFile; fileRef = 8848E1B017D6E939007110E0 /* EditWordViewController.m */; };
		8848E1B317D6E939007110E0 /* EditWordViewController.xib in Resources */ = {isa = PBXBuildFile; fileRef = 8848E1B117D6E939007110E0 /* EditWordViewController.xib */; };
/* End PBXBuildFile section */

/* Begin PBXContainerItemProxy section */
		8848E19117D6DE3D007110E0 /* PBXContainerItemProxy */ = {
			isa = PBXContainerItemProxy;
			containerPortal = 8848E16317D6DE3C007110E0 /* Project object */;
			proxyType = 1;
			remoteGlobalIDString = 8848E16A17D6DE3C007110E0;
			remoteInfo = "Recipe 15-3 Using Core Data";
		};
/* End PBXContainerItemProxy section */

/* Begin PBXFileReference section */
		8848E16B17D6DE3C007110E0 /* Recipe 15-3 Using Core Data.app */ = {isa = PBXFileReference; explicitFileType = wrapper.application; includeInIndex = 0; path = "Recipe 15-3 Using Core Data.app"; sourceTree = BUILT_PRODUCTS_DIR; };
		8848E16E17D6DE3C007110E0 /* Foundation.framework */ = {isa = PBXFileReference; lastKnownFileType = wrapper.framework; name = Foundation.framework; path = System/Library/Frameworks/Foundation.framework; sourceTree = SDKROOT; };
		8848E17017D6DE3C007110E0 /* CoreGraphics.framework */ = {isa = PBXFileReference; lastKnownFileType = wrapper.framework; name = CoreGraphics.framework; path = System/Library/Frameworks/CoreGraphics.framework; sourceTree = SDKROOT; };
		8848E17217D6DE3D007110E0 /* UIKit.framework */ = {isa = PBXFileReference; lastKnownFileType = wrapper.framework; name = UIKit.framework; path = System/Library/Frameworks/UIKit.framework; sourceTree = SDKROOT; };
		8848E17417D6DE3D007110E0 /* CoreData.framework */ = {isa = PBXFileReference; lastKnownFileType = wrapper.framework; name = CoreData.framework; path = System/Library/Frameworks/CoreData.framework; sourceTree = SDKROOT; };
		8848E17817D6DE3D007110E0 /* Recipe 15-3 Using Core Data-Info.plist */ = {isa = PBXFileReference; lastKnownFileType = text.plist.xml; path = "Recipe 15-3 Using Core Data-Info.plist"; sourceTree = "<group>"; };
		8848E17A17D6DE3D007110E0 /* en */ = {isa = PBXFileReference; lastKnownFileType = text.plist.strings; name = en; path = en.lproj/InfoPlist.strings; sourceTree = "<group>"; };
		8848E17C17D6DE3D007110E0 /* main.m */ = {isa = PBXFileReference; lastKnownFileType = sourcecode.c.objc; path = main.m; sourceTree = "<group>"; };
		8848E17E17D6DE3D007110E0 /* Recipe 15-3 Using Core Data-Prefix.pch */ = {isa = PBXFileReference; lastKnownFileType = sourcecode.c.h; path = "Recipe 15-3 Using Core Data-Prefix.pch"; sourceTree = "<group>"; };
		8848E17F17D6DE3D007110E0 /* AppDelegate.h */ = {isa = PBXFileReference; lastKnownFileType = sourcecode.c.h; path = AppDelegate.h; sourceTree = "<group>"; };
		8848E18017D6DE3D007110E0 /* AppDelegate.m */ = {isa = PBXFileReference; lastKnownFileType = sourcecode.c.objc; path = AppDelegate.m; sourceTree = "<group>"; };
		8848E18317D6DE3D007110E0 /* Recipe_15_3_Using_Core_Data.xcdatamodel */ = {isa = PBXFileReference; lastKnownFileType = wrapper.xcdatamodel; path = Recipe_15_3_Using_Core_Data.xcdatamodel; sourceTree = "<group>"; };
		8848E18517D6DE3D007110E0 /* Images.xcassets */ = {isa = PBXFileReference; lastKnownFileType = folder.assetcatalog; path = Images.xcassets; sourceTree = "<group>"; };
		8848E18B17D6DE3D007110E0 /* Recipe 15-3 Using Core DataTests.xctest */ = {isa = PBXFileReference; explicitFileType = wrapper.cfbundle; includeInIndex = 0; path = "Recipe 15-3 Using Core DataTests.xctest"; sourceTree = BUILT_PRODUCTS_DIR; };
		8848E18C17D6DE3D007110E0 /* XCTest.framework */ = {isa = PBXFileReference; lastKnownFileType = wrapper.framework; name = XCTest.framework; path = Library/Frameworks/XCTest.framework; sourceTree = DEVELOPER_DIR; };
		8848E19517D6DE3D007110E0 /* Recipe 15-3 Using Core DataTests-Info.plist */ = {isa = PBXFileReference; lastKnownFileType = text.plist.xml; path = "Recipe 15-3 Using Core DataTests-Info.plist"; sourceTree = "<group>"; };
		8848E19717D6DE3D007110E0 /* en */ = {isa = PBXFileReference; lastKnownFileType = text.plist.strings; name = en; path = en.lproj/InfoPlist.strings; sourceTree = "<group>"; };
		8848E19917D6DE3D007110E0 /* Recipe_15_3_Using_Core_DataTests.m */ = {isa = PBXFileReference; lastKnownFileType = sourcecode.c.objc; path = Recipe_15_3_Using_Core_DataTests.m; sourceTree = "<group>"; };
		8848E1A317D6E36A007110E0 /* Vocabulary.h */ = {isa = PBXFileReference; fileEncoding = 4; lastKnownFileType = sourcecode.c.h; path = Vocabulary.h; sourceTree = "<group>"; };
		8848E1A417D6E36A007110E0 /* Vocabulary.m */ = {isa = PBXFileReference; fileEncoding = 4; lastKnownFileType = sourcecode.c.objc; path = Vocabulary.m; sourceTree = "<group>"; };
		8848E1A617D6E376007110E0 /* Word.h */ = {isa = PBXFileReference; fileEncoding = 4; lastKnownFileType = sourcecode.c.h; path = Word.h; sourceTree = "<group>"; };
		8848E1A717D6E376007110E0 /* Word.m */ = {isa = PBXFileReference; fileEncoding = 4; lastKnownFileType = sourcecode.c.objc; path = Word.m; sourceTree = "<group>"; };
		8848E1A917D6E430007110E0 /* VocabulariesViewController.h */ = {isa = PBXFileReference; fileEncoding = 4; lastKnownFileType = sourcecode.c.h; path = VocabulariesViewController.h; sourceTree = "<group>"; };
		8848E1AA17D6E430007110E0 /* VocabulariesViewController.m */ = {isa = PBXFileReference; fileEncoding = 4; lastKnownFileType = sourcecode.c.objc; path = VocabulariesViewController.m; sourceTree = "<group>"; };
		8848E1AC17D6E7CB007110E0 /* WordsViewController.h */ = {isa = PBXFileReference; fileEncoding = 4; lastKnownFileType = sourcecode.c.h; path = WordsViewController.h; sourceTree = "<group>"; };
		8848E1AD17D6E7CB007110E0 /* WordsViewController.m */ = {isa = PBXFileReference; fileEncoding = 4; lastKnownFileType = sourcecode.c.objc; path = WordsViewController.m; sourceTree = "<group>"; };
		8848E1AF17D6E939007110E0 /* EditWordViewController.h */ = {isa = PBXFileReference; fileEncoding = 4; lastKnownFileType = sourcecode.c.h; path = EditWordViewController.h; sourceTree = "<group>"; };
		8848E1B017D6E939007110E0 /* EditWordViewController.m */ = {isa = PBXFileReference; fileEncoding = 4; lastKnownFileType = sourcecode.c.objc; path = EditWordViewController.m; sourceTree = "<group>"; };
		8848E1B117D6E939007110E0 /* EditWordViewController.xib */ = {isa = PBXFileReference; fileEncoding = 4; lastKnownFileType = file.xib; path = EditWordViewController.xib; sourceTree = "<group>"; };
/* End PBXFileReference section */

/* Begin PBXFrameworksBuildPhase section */
		8848E16817D6DE3C007110E0 /* Frameworks */ = {
			isa = PBXFrameworksBuildPhase;
			buildActionMask = 2147483647;
			files = (
				8848E17117D6DE3D007110E0 /* CoreGraphics.framework in Frameworks */,
				8848E17517D6DE3D007110E0 /* CoreData.framework in Frameworks */,
				8848E17317D6DE3D007110E0 /* UIKit.framework in Frameworks */,
				8848E16F17D6DE3C007110E0 /* Foundation.framework in Frameworks */,
			);
			runOnlyForDeploymentPostprocessing = 0;
		};
		8848E18817D6DE3D007110E0 /* Frameworks */ = {
			isa = PBXFrameworksBuildPhase;
			buildActionMask = 2147483647;
			files = (
				8848E18D17D6DE3D007110E0 /* XCTest.framework in Frameworks */,
				8848E19017D6DE3D007110E0 /* CoreData.framework in Frameworks */,
				8848E18F17D6DE3D007110E0 /* UIKit.framework in Frameworks */,
				8848E18E17D6DE3D007110E0 /* Foundation.framework in Frameworks */,
			);
			runOnlyForDeploymentPostprocessing = 0;
		};
/* End PBXFrameworksBuildPhase section */

/* Begin PBXGroup section */
		8848E16217D6DE3C007110E0 = {
			isa = PBXGroup;
			children = (
				8848E1A917D6E430007110E0 /* VocabulariesViewController.h */,
				8848E1AA17D6E430007110E0 /* VocabulariesViewController.m */,
				8848E1AF17D6E939007110E0 /* EditWordViewController.h */,
				8848E1B017D6E939007110E0 /* EditWordViewController.m */,
				8848E1B117D6E939007110E0 /* EditWordViewController.xib */,
				8848E1AC17D6E7CB007110E0 /* WordsViewController.h */,
				8848E1AD17D6E7CB007110E0 /* WordsViewController.m */,
				8848E1A617D6E376007110E0 /* Word.h */,
				8848E1A717D6E376007110E0 /* Word.m */,
				8848E17617D6DE3D007110E0 /* Recipe 15-3 Using Core Data */,
				8848E19317D6DE3D007110E0 /* Recipe 15-3 Using Core DataTests */,
				8848E16D17D6DE3C007110E0 /* Frameworks */,
				8848E16C17D6DE3C007110E0 /* Products */,
			);
			sourceTree = "<group>";
		};
		8848E16C17D6DE3C007110E0 /* Products */ = {
			isa = PBXGroup;
			children = (
				8848E16B17D6DE3C007110E0 /* Recipe 15-3 Using Core Data.app */,
				8848E18B17D6DE3D007110E0 /* Recipe 15-3 Using Core DataTests.xctest */,
			);
			name = Products;
			sourceTree = "<group>";
		};
		8848E16D17D6DE3C007110E0 /* Frameworks */ = {
			isa = PBXGroup;
			children = (
				8848E16E17D6DE3C007110E0 /* Foundation.framework */,
				8848E17017D6DE3C007110E0 /* CoreGraphics.framework */,
				8848E17217D6DE3D007110E0 /* UIKit.framework */,
				8848E17417D6DE3D007110E0 /* CoreData.framework */,
				8848E18C17D6DE3D007110E0 /* XCTest.framework */,
			);
			name = Frameworks;
			sourceTree = "<group>";
		};
		8848E17617D6DE3D007110E0 /* Recipe 15-3 Using Core Data */ = {
			isa = PBXGroup;
			children = (
				8848E17F17D6DE3D007110E0 /* AppDelegate.h */,
				8848E18017D6DE3D007110E0 /* AppDelegate.m */,
				8848E18517D6DE3D007110E0 /* Images.xcassets */,
				8848E18217D6DE3D007110E0 /* Recipe_15_3_Using_Core_Data.xcdatamodeld */,
				8848E1A317D6E36A007110E0 /* Vocabulary.h */,
				8848E1A417D6E36A007110E0 /* Vocabulary.m */,
				8848E17717D6DE3D007110E0 /* Supporting Files */,
			);
			path = "Recipe 15-3 Using Core Data";
			sourceTree = "<group>";
		};
		8848E17717D6DE3D007110E0 /* Supporting Files */ = {
			isa = PBXGroup;
			children = (
				8848E17817D6DE3D007110E0 /* Recipe 15-3 Using Core Data-Info.plist */,
				8848E17917D6DE3D007110E0 /* InfoPlist.strings */,
				8848E17C17D6DE3D007110E0 /* main.m */,
				8848E17E17D6DE3D007110E0 /* Recipe 15-3 Using Core Data-Prefix.pch */,
			);
			name = "Supporting Files";
			sourceTree = "<group>";
		};
		8848E19317D6DE3D007110E0 /* Recipe 15-3 Using Core DataTests */ = {
			isa = PBXGroup;
			children = (
				8848E19917D6DE3D007110E0 /* Recipe_15_3_Using_Core_DataTests.m */,
				8848E19417D6DE3D007110E0 /* Supporting Files */,
			);
			path = "Recipe 15-3 Using Core DataTests";
			sourceTree = "<group>";
		};
		8848E19417D6DE3D007110E0 /* Supporting Files */ = {
			isa = PBXGroup;
			children = (
				8848E19517D6DE3D007110E0 /* Recipe 15-3 Using Core DataTests-Info.plist */,
				8848E19617D6DE3D007110E0 /* InfoPlist.strings */,
			);
			name = "Supporting Files";
			sourceTree = "<group>";
		};
/* End PBXGroup section */

/* Begin PBXNativeTarget section */
		8848E16A17D6DE3C007110E0 /* Recipe 15-3 Using Core Data */ = {
			isa = PBXNativeTarget;
			buildConfigurationList = 8848E19D17D6DE3D007110E0 /* Build configuration list for PBXNativeTarget "Recipe 15-3 Using Core Data" */;
			buildPhases = (
				8848E16717D6DE3C007110E0 /* Sources */,
				8848E16817D6DE3C007110E0 /* Frameworks */,
				8848E16917D6DE3C007110E0 /* Resources */,
			);
			buildRules = (
			);
			dependencies = (
			);
			name = "Recipe 15-3 Using Core Data";
			productName = "Recipe 15-3 Using Core Data";
			productReference = 8848E16B17D6DE3C007110E0 /* Recipe 15-3 Using Core Data.app */;
			productType = "com.apple.product-type.application";
		};
		8848E18A17D6DE3D007110E0 /* Recipe 15-3 Using Core DataTests */ = {
			isa = PBXNativeTarget;
			buildConfigurationList = 8848E1A017D6DE3D007110E0 /* Build configuration list for PBXNativeTarget "Recipe 15-3 Using Core DataTests" */;
			buildPhases = (
				8848E18717D6DE3D007110E0 /* Sources */,
				8848E18817D6DE3D007110E0 /* Frameworks */,
				8848E18917D6DE3D007110E0 /* Resources */,
			);
			buildRules = (
			);
			dependencies = (
				8848E19217D6DE3D007110E0 /* PBXTargetDependency */,
			);
			name = "Recipe 15-3 Using Core DataTests";
			productName = "Recipe 15-3 Using Core DataTests";
			productReference = 8848E18B17D6DE3D007110E0 /* Recipe 15-3 Using Core DataTests.xctest */;
			productType = "com.apple.product-type.bundle.unit-test";
		};
/* End PBXNativeTarget section */

/* Begin PBXProject section */
		8848E16317D6DE3C007110E0 /* Project object */ = {
			isa = PBXProject;
			attributes = {
				LastUpgradeCheck = 0500;
				ORGANIZATIONNAME = NSCookbook;
				TargetAttributes = {
					8848E18A17D6DE3D007110E0 = {
						TestTargetID = 8848E16A17D6DE3C007110E0;
					};
				};
			};
			buildConfigurationList = 8848E16617D6DE3C007110E0 /* Build configuration list for PBXProject "Recipe 15-3 Using Core Data" */;
			compatibilityVersion = "Xcode 3.2";
			developmentRegion = English;
			hasScannedForEncodings = 0;
			knownRegions = (
				en,
			);
			mainGroup = 8848E16217D6DE3C007110E0;
			productRefGroup = 8848E16C17D6DE3C007110E0 /* Products */;
			projectDirPath = "";
			projectRoot = "";
			targets = (
				8848E16A17D6DE3C007110E0 /* Recipe 15-3 Using Core Data */,
				8848E18A17D6DE3D007110E0 /* Recipe 15-3 Using Core DataTests */,
			);
		};
/* End PBXProject section */

/* Begin PBXResourcesBuildPhase section */
		8848E16917D6DE3C007110E0 /* Resources */ = {
			isa = PBXResourcesBuildPhase;
			buildActionMask = 2147483647;
			files = (
				8848E17B17D6DE3D007110E0 /* InfoPlist.strings in Resources */,
				8848E18617D6DE3D007110E0 /* Images.xcassets in Resources */,
				8848E1B317D6E939007110E0 /* EditWordViewController.xib in Resources */,
			);
			runOnlyForDeploymentPostprocessing = 0;
		};
		8848E18917D6DE3D007110E0 /* Resources */ = {
			isa = PBXResourcesBuildPhase;
			buildActionMask = 2147483647;
			files = (
				8848E19817D6DE3D007110E0 /* InfoPlist.strings in Resources */,
			);
			runOnlyForDeploymentPostprocessing = 0;
		};
/* End PBXResourcesBuildPhase section */

/* Begin PBXSourcesBuildPhase section */
		8848E16717D6DE3C007110E0 /* Sources */ = {
			isa = PBXSourcesBuildPhase;
			buildActionMask = 2147483647;
			files = (
				8848E1AB17D6E430007110E0 /* VocabulariesViewController.m in Sources */,
				8848E1AE17D6E7CB007110E0 /* WordsViewController.m in Sources */,
				8848E1A817D6E376007110E0 /* Word.m in Sources */,
				8848E18417D6DE3D007110E0 /* Recipe_15_3_Using_Core_Data.xcdatamodeld in Sources */,
				8848E1B217D6E939007110E0 /* EditWordViewController.m in Sources */,
				8848E18117D6DE3D007110E0 /* AppDelegate.m in Sources */,
				8848E17D17D6DE3D007110E0 /* main.m in Sources */,
				8848E1A517D6E36A007110E0 /* Vocabulary.m in Sources */,
			);
			runOnlyForDeploymentPostprocessing = 0;
		};
		8848E18717D6DE3D007110E0 /* Sources */ = {
			isa = PBXSourcesBuildPhase;
			buildActionMask = 2147483647;
			files = (
				8848E19A17D6DE3D007110E0 /* Recipe_15_3_Using_Core_DataTests.m in Sources */,
			);
			runOnlyForDeploymentPostprocessing = 0;
		};
/* End PBXSourcesBuildPhase section */

/* Begin PBXTargetDependency section */
		8848E19217D6DE3D007110E0 /* PBXTargetDependency */ = {
			isa = PBXTargetDependency;
			target = 8848E16A17D6DE3C007110E0 /* Recipe 15-3 Using Core Data */;
			targetProxy = 8848E19117D6DE3D007110E0 /* PBXContainerItemProxy */;
		};
/* End PBXTargetDependency section */

/* Begin PBXVariantGroup section */
		8848E17917D6DE3D007110E0 /* InfoPlist.strings */ = {
			isa = PBXVariantGroup;
			children = (
				8848E17A17D6DE3D007110E0 /* en */,
			);
			name = InfoPlist.strings;
			sourceTree = "<group>";
		};
		8848E19617D6DE3D007110E0 /* InfoPlist.strings */ = {
			isa = PBXVariantGroup;
			children = (
				8848E19717D6DE3D007110E0 /* en */,
			);
			name = InfoPlist.strings;
			sourceTree = "<group>";
		};
/* End PBXVariantGroup section */

/* Begin XCBuildConfiguration section */
		8848E19B17D6DE3D007110E0 /* Debug */ = {
			isa = XCBuildConfiguration;
			buildSettings = {
				ALWAYS_SEARCH_USER_PATHS = NO;
				CLANG_CXX_LANGUAGE_STANDARD = "gnu++0x";
				CLANG_CXX_LIBRARY = "libc++";
				CLANG_ENABLE_MODULES = YES;
				CLANG_ENABLE_OBJC_ARC = YES;
				CLANG_WARN_BOOL_CONVERSION = YES;
				CLANG_WARN_CONSTANT_CONVERSION = YES;
				CLANG_WARN_DIRECT_OBJC_ISA_USAGE = YES_ERROR;
				CLANG_WARN_EMPTY_BODY = YES;
				CLANG_WARN_ENUM_CONVERSION = YES;
				CLANG_WARN_INT_CONVERSION = YES;
				CLANG_WARN_OBJC_ROOT_CLASS = YES_ERROR;
				CLANG_WARN__DUPLICATE_METHOD_MATCH = YES;
				"CODE_SIGN_IDENTITY[sdk=iphoneos*]" = "iPhone Developer";
				COPY_PHASE_STRIP = NO;
				GCC_C_LANGUAGE_STANDARD = gnu99;
				GCC_DYNAMIC_NO_PIC = NO;
				GCC_OPTIMIZATION_LEVEL = 0;
				GCC_PREPROCESSOR_DEFINITIONS = (
					"DEBUG=1",
					"$(inherited)",
				);
				GCC_SYMBOLS_PRIVATE_EXTERN = NO;
				GCC_WARN_ABOUT_RETURN_TYPE = YES_ERROR;
				GCC_WARN_UNDECLARED_SELECTOR = YES;
				GCC_WARN_UNINITIALIZED_AUTOS = YES;
				GCC_WARN_UNUSED_FUNCTION = YES;
				GCC_WARN_UNUSED_VARIABLE = YES;
				IPHONEOS_DEPLOYMENT_TARGET = 7.0;
				ONLY_ACTIVE_ARCH = YES;
				SDKROOT = iphoneos;
			};
			name = Debug;
		};
		8848E19C17D6DE3D007110E0 /* Release */ = {
			isa = XCBuildConfiguration;
			buildSettings = {
				ALWAYS_SEARCH_USER_PATHS = NO;
				CLANG_CXX_LANGUAGE_STANDARD = "gnu++0x";
				CLANG_CXX_LIBRARY = "libc++";
				CLANG_ENABLE_MODULES = YES;
				CLANG_ENABLE_OBJC_ARC = YES;
				CLANG_WARN_BOOL_CONVERSION = YES;
				CLANG_WARN_CONSTANT_CONVERSION = YES;
				CLANG_WARN_DIRECT_OBJC_ISA_USAGE = YES_ERROR;
				CLANG_WARN_EMPTY_BODY = YES;
				CLANG_WARN_ENUM_CONVERSION = YES;
				CLANG_WARN_INT_CONVERSION = YES;
				CLANG_WARN_OBJC_ROOT_CLASS = YES_ERROR;
				CLANG_WARN__DUPLICATE_METHOD_MATCH = YES;
				"CODE_SIGN_IDENTITY[sdk=iphoneos*]" = "iPhone Developer";
				COPY_PHASE_STRIP = YES;
				ENABLE_NS_ASSERTIONS = NO;
				GCC_C_LANGUAGE_STANDARD = gnu99;
				GCC_WARN_ABOUT_RETURN_TYPE = YES_ERROR;
				GCC_WARN_UNDECLARED_SELECTOR = YES;
				GCC_WARN_UNINITIALIZED_AUTOS = YES;
				GCC_WARN_UNUSED_FUNCTION = YES;
				GCC_WARN_UNUSED_VARIABLE = YES;
				IPHONEOS_DEPLOYMENT_TARGET = 7.0;
				SDKROOT = iphoneos;
				VALIDATE_PRODUCT = YES;
			};
			name = Release;
		};
		8848E19E17D6DE3D007110E0 /* Debug */ = {
			isa = XCBuildConfiguration;
			buildSettings = {
				ASSETCATALOG_COMPILER_APPICON_NAME = AppIcon;
				ASSETCATALOG_COMPILER_LAUNCHIMAGE_NAME = LaunchImage;
				GCC_PRECOMPILE_PREFIX_HEADER = YES;
				GCC_PREFIX_HEADER = "Recipe 15-3 Using Core Data/Recipe 15-3 Using Core Data-Prefix.pch";
				INFOPLIST_FILE = "Recipe 15-3 Using Core Data/Recipe 15-3 Using Core Data-Info.plist";
				PRODUCT_NAME = "$(TARGET_NAME)";
				WRAPPER_EXTENSION = app;
			};
			name = Debug;
		};
		8848E19F17D6DE3D007110E0 /* Release */ = {
			isa = XCBuildConfiguration;
			buildSettings = {
				ASSETCATALOG_COMPILER_APPICON_NAME = AppIcon;
				ASSETCATALOG_COMPILER_LAUNCHIMAGE_NAME = LaunchImage;
				GCC_PRECOMPILE_PREFIX_HEADER = YES;
				GCC_PREFIX_HEADER = "Recipe 15-3 Using Core Data/Recipe 15-3 Using Core Data-Prefix.pch";
				INFOPLIST_FILE = "Recipe 15-3 Using Core Data/Recipe 15-3 Using Core Data-Info.plist";
				PRODUCT_NAME = "$(TARGET_NAME)";
				WRAPPER_EXTENSION = app;
			};
			name = Release;
		};
		8848E1A117D6DE3D007110E0 /* Debug */ = {
			isa = XCBuildConfiguration;
			buildSettings = {
				BUNDLE_LOADER = "$(BUILT_PRODUCTS_DIR)/Recipe 15-3 Using Core Data.app/Recipe 15-3 Using Core Data";
				FRAMEWORK_SEARCH_PATHS = (
					"$(SDKROOT)/Developer/Library/Frameworks",
					"$(inherited)",
					"$(DEVELOPER_FRAMEWORKS_DIR)",
				);
				GCC_PRECOMPILE_PREFIX_HEADER = YES;
				GCC_PREFIX_HEADER = "Recipe 15-3 Using Core Data/Recipe 15-3 Using Core Data-Prefix.pch";
				GCC_PREPROCESSOR_DEFINITIONS = (
					"DEBUG=1",
					"$(inherited)",
				);
				INFOPLIST_FILE = "Recipe 15-3 Using Core DataTests/Recipe 15-3 Using Core DataTests-Info.plist";
				PRODUCT_NAME = "$(TARGET_NAME)";
				TEST_HOST = "$(BUNDLE_LOADER)";
				WRAPPER_EXTENSION = xctest;
			};
			name = Debug;
		};
		8848E1A217D6DE3D007110E0 /* Release */ = {
			isa = XCBuildConfiguration;
			buildSettings = {
				BUNDLE_LOADER = "$(BUILT_PRODUCTS_DIR)/Recipe 15-3 Using Core Data.app/Recipe 15-3 Using Core Data";
				FRAMEWORK_SEARCH_PATHS = (
					"$(SDKROOT)/Developer/Library/Frameworks",
					"$(inherited)",
					"$(DEVELOPER_FRAMEWORKS_DIR)",
				);
				GCC_PRECOMPILE_PREFIX_HEADER = YES;
				GCC_PREFIX_HEADER = "Recipe 15-3 Using Core Data/Recipe 15-3 Using Core Data-Prefix.pch";
				INFOPLIST_FILE = "Recipe 15-3 Using Core DataTests/Recipe 15-3 Using Core DataTests-Info.plist";
				PRODUCT_NAME = "$(TARGET_NAME)";
				TEST_HOST = "$(BUNDLE_LOADER)";
				WRAPPER_EXTENSION = xctest;
			};
			name = Release;
		};
/* End XCBuildConfiguration section */

/* Begin XCConfigurationList section */
		8848E16617D6DE3C007110E0 /* Build configuration list for PBXProject "Recipe 15-3 Using Core Data" */ = {
			isa = XCConfigurationList;
			buildConfigurations = (
				8848E19B17D6DE3D007110E0 /* Debug */,
				8848E19C17D6DE3D007110E0 /* Release */,
			);
			defaultConfigurationIsVisible = 0;
			defaultConfigurationName = Release;
		};
		8848E19D17D6DE3D007110E0 /* Build configuration list for PBXNativeTarget "Recipe 15-3 Using Core Data" */ = {
			isa = XCConfigurationList;
			buildConfigurations = (
				8848E19E17D6DE3D007110E0 /* Debug */,
				8848E19F17D6DE3D007110E0 /* Release */,
			);
			defaultConfigurationIsVisible = 0;
		};
		8848E1A017D6DE3D007110E0 /* Build configuration list for PBXNativeTarget "Recipe 15-3 Using Core DataTests" */ = {
			isa = XCConfigurationList;
			buildConfigurations = (
				8848E1A117D6DE3D007110E0 /* Debug */,
				8848E1A217D6DE3D007110E0 /* Release */,
			);
			defaultConfigurationIsVisible = 0;
		};
/* End XCConfigurationList section */

/* Begin XCVersionGroup section */
		8848E18217D6DE3D007110E0 /* Recipe_15_3_Using_Core_Data.xcdatamodeld */ = {
			isa = XCVersionGroup;
			children = (
				8848E18317D6DE3D007110E0 /* Recipe_15_3_Using_Core_Data.xcdatamodel */,
			);
			currentVersion = 8848E18317D6DE3D007110E0 /* Recipe_15_3_Using_Core_Data.xcdatamodel */;
			path = Recipe_15_3_Using_Core_Data.xcdatamodeld;
			sourceTree = "<group>";
			versionGroupType = wrapper.xcdatamodel;
		};
/* End XCVersionGroup section */
	};
	rootObject = 8848E16317D6DE3C007110E0 /* Project object */;
}
