// !$*UTF8*$!
{
	archiveVersion = 1;
	classes = {
	};
	objectVersion = 46;
	objects = {

/* Begin PBXBuildFile section */
		886B9D9417B179E500204701 /* Foundation.framework in Frameworks */ = {isa = PBXBuildFile; fileRef = 886B9D9317B179E500204701 /* Foundation.framework */; };
		886B9D9617B179E500204701 /* CoreGraphics.framework in Frameworks */ = {isa = PBXBuildFile; fileRef = 886B9D9517B179E500204701 /* CoreGraphics.framework */; };
		886B9D9817B179E500204701 /* UIKit.framework in Frameworks */ = {isa = PBXBuildFile; fileRef = 886B9D9717B179E500204701 /* UIKit.framework */; };
		886B9D9E17B179E600204701 /* InfoPlist.strings in Resources */ = {isa = PBXBuildFile; fileRef = 886B9D9C17B179E600204701 /* InfoPlist.strings */; };
		886B9DA017B179E600204701 /* main.m in Sources */ = {isa = PBXBuildFile; fileRef = 886B9D9F17B179E600204701 /* main.m */; };
		886B9DA417B179E600204701 /* AppDelegate.m in Sources */ = {isa = PBXBuildFile; fileRef = 886B9DA317B179E600204701 /* AppDelegate.m */; };
		886B9DA717B179E600204701 /* Main.storyboard in Resources */ = {isa = PBXBuildFile; fileRef = 886B9DA517B179E600204701 /* Main.storyboard */; };
		886B9DAA17B179E600204701 /* ViewController.m in Sources */ = {isa = PBXBuildFile; fileRef = 886B9DA917B179E600204701 /* ViewController.m */; };
		886B9DAC17B179E600204701 /* Images.xcassets in Resources */ = {isa = PBXBuildFile; fileRef = 886B9DAB17B179E600204701 /* Images.xcassets */; };
		886B9DB317B179E600204701 /* XCTest.framework in Frameworks */ = {isa = PBXBuildFile; fileRef = 886B9DB217B179E600204701 /* XCTest.framework */; };
		886B9DB417B179E600204701 /* Foundation.framework in Frameworks */ = {isa = PBXBuildFile; fileRef = 886B9D9317B179E500204701 /* Foundation.framework */; };
		886B9DB517B179E600204701 /* UIKit.framework in Frameworks */ = {isa = PBXBuildFile; fileRef = 886B9D9717B179E500204701 /* UIKit.framework */; };
		886B9DBD17B179E600204701 /* InfoPlist.strings in Resources */ = {isa = PBXBuildFile; fileRef = 886B9DBB17B179E600204701 /* InfoPlist.strings */; };
		886B9DBF17B179E600204701 /* Recipe_5_4__Tracking_True_BearingTests.m in Sources */ = {isa = PBXBuildFile; fileRef = 886B9DBE17B179E600204701 /* Recipe_5_4__Tracking_True_BearingTests.m */; };
/* End PBXBuildFile section */

/* Begin PBXContainerItemProxy section */
		886B9DB617B179E600204701 /* PBXContainerItemProxy */ = {
			isa = PBXContainerItemProxy;
			containerPortal = 886B9D8817B179E500204701 /* Project object */;
			proxyType = 1;
			remoteGlobalIDString = 886B9D8F17B179E500204701;
			remoteInfo = "Recipe 5-4: Tracking True Bearing";
		};
/* End PBXContainerItemProxy section */

/* Begin PBXFileReference section */
		886B9D9017B179E500204701 /* Recipe 5-4 Tracking True Bearing.app */ = {isa = PBXFileReference; explicitFileType = wrapper.application; includeInIndex = 0; path = "Recipe 5-4 Tracking True Bearing.app"; sourceTree = BUILT_PRODUCTS_DIR; };
		886B9D9317B179E500204701 /* Foundation.framework */ = {isa = PBXFileReference; lastKnownFileType = wrapper.framework; name = Foundation.framework; path = System/Library/Frameworks/Foundation.framework; sourceTree = SDKROOT; };
		886B9D9517B179E500204701 /* CoreGraphics.framework */ = {isa = PBXFileReference; lastKnownFileType = wrapper.framework; name = CoreGraphics.framework; path = System/Library/Frameworks/CoreGraphics.framework; sourceTree = SDKROOT; };
		886B9D9717B179E500204701 /* UIKit.framework */ = {isa = PBXFileReference; lastKnownFileType = wrapper.framework; name = UIKit.framework; path = System/Library/Frameworks/UIKit.framework; sourceTree = SDKROOT; };
		886B9D9B17B179E600204701 /* Recipe 5-4 Tracking True Bearing-Info.plist */ = {isa = PBXFileReference; lastKnownFileType = text.plist.xml; path = "Recipe 5-4 Tracking True Bearing-Info.plist"; sourceTree = "<group>"; };
		886B9D9D17B179E600204701 /* en */ = {isa = PBXFileReference; lastKnownFileType = text.plist.strings; name = en; path = en.lproj/InfoPlist.strings; sourceTree = "<group>"; };
		886B9D9F17B179E600204701 /* main.m */ = {isa = PBXFileReference; lastKnownFileType = sourcecode.c.objc; path = main.m; sourceTree = "<group>"; };
		886B9DA117B179E600204701 /* Recipe 5-4 Tracking True Bearing-Prefix.pch */ = {isa = PBXFileReference; lastKnownFileType = sourcecode.c.h; path = "Recipe 5-4 Tracking True Bearing-Prefix.pch"; sourceTree = "<group>"; };
		886B9DA217B179E600204701 /* AppDelegate.h */ = {isa = PBXFileReference; lastKnownFileType = sourcecode.c.h; path = AppDelegate.h; sourceTree = "<group>"; };
		886B9DA317B179E600204701 /* AppDelegate.m */ = {isa = PBXFileReference; lastKnownFileType = sourcecode.c.objc; path = AppDelegate.m; sourceTree = "<group>"; };
		886B9DA617B179E600204701 /* Base */ = {isa = PBXFileReference; lastKnownFileType = file.storyboard; name = Base; path = Base.lproj/Main.storyboard; sourceTree = "<group>"; };
		886B9DA817B179E600204701 /* ViewController.h */ = {isa = PBXFileReference; lastKnownFileType = sourcecode.c.h; path = ViewController.h; sourceTree = "<group>"; };
		886B9DA917B179E600204701 /* ViewController.m */ = {isa = PBXFileReference; lastKnownFileType = sourcecode.c.objc; path = ViewController.m; sourceTree = "<group>"; };
		886B9DAB17B179E600204701 /* Images.xcassets */ = {isa = PBXFileReference; lastKnownFileType = folder.assetcatalog; path = Images.xcassets; sourceTree = "<group>"; };
		886B9DB117B179E600204701 /* Recipe 5-4 Tracking True BearingTests.xctest */ = {isa = PBXFileReference; explicitFileType = wrapper.cfbundle; includeInIndex = 0; path = "Recipe 5-4 Tracking True BearingTests.xctest"; sourceTree = BUILT_PRODUCTS_DIR; };
		886B9DB217B179E600204701 /* XCTest.framework */ = {isa = PBXFileReference; lastKnownFileType = wrapper.framework; name = XCTest.framework; path = Library/Frameworks/XCTest.framework; sourceTree = DEVELOPER_DIR; };
		886B9DBA17B179E600204701 /* Recipe 5-4 Tracking True BearingTests-Info.plist */ = {isa = PBXFileReference; lastKnownFileType = text.plist.xml; path = "Recipe 5-4 Tracking True BearingTests-Info.plist"; sourceTree = "<group>"; };
		886B9DBC17B179E600204701 /* en */ = {isa = PBXFileReference; lastKnownFileType = text.plist.strings; name = en; path = en.lproj/InfoPlist.strings; sourceTree = "<group>"; };
		886B9DBE17B179E600204701 /* Recipe_5_4__Tracking_True_BearingTests.m */ = {isa = PBXFileReference; lastKnownFileType = sourcecode.c.objc; path = Recipe_5_4__Tracking_True_BearingTests.m; sourceTree = "<group>"; };
/* End PBXFileReference section */

/* Begin PBXFrameworksBuildPhase section */
		886B9D8D17B179E500204701 /* Frameworks */ = {
			isa = PBXFrameworksBuildPhase;
			buildActionMask = 2147483647;
			files = (
				886B9D9617B179E500204701 /* CoreGraphics.framework in Frameworks */,
				886B9D9817B179E500204701 /* UIKit.framework in Frameworks */,
				886B9D9417B179E500204701 /* Foundation.framework in Frameworks */,
			);
			runOnlyForDeploymentPostprocessing = 0;
		};
		886B9DAE17B179E600204701 /* Frameworks */ = {
			isa = PBXFrameworksBuildPhase;
			buildActionMask = 2147483647;
			files = (
				886B9DB317B179E600204701 /* XCTest.framework in Frameworks */,
				886B9DB517B179E600204701 /* UIKit.framework in Frameworks */,
				886B9DB417B179E600204701 /* Foundation.framework in Frameworks */,
			);
			runOnlyForDeploymentPostprocessing = 0;
		};
/* End PBXFrameworksBuildPhase section */

/* Begin PBXGroup section */
		886B9D8717B179E500204701 = {
			isa = PBXGroup;
			children = (
				886B9D9917B179E500204701 /* Recipe 5-4 Tracking True Bearing */,
				886B9DB817B179E600204701 /* Recipe 5-4 Tracking True BearingTests */,
				886B9D9217B179E500204701 /* Frameworks */,
				886B9D9117B179E500204701 /* Products */,
			);
			sourceTree = "<group>";
		};
		886B9D9117B179E500204701 /* Products */ = {
			isa = PBXGroup;
			children = (
				886B9D9017B179E500204701 /* Recipe 5-4 Tracking True Bearing.app */,
				886B9DB117B179E600204701 /* Recipe 5-4 Tracking True BearingTests.xctest */,
			);
			name = Products;
			sourceTree = "<group>";
		};
		886B9D9217B179E500204701 /* Frameworks */ = {
			isa = PBXGroup;
			children = (
				886B9D9317B179E500204701 /* Foundation.framework */,
				886B9D9517B179E500204701 /* CoreGraphics.framework */,
				886B9D9717B179E500204701 /* UIKit.framework */,
				886B9DB217B179E600204701 /* XCTest.framework */,
			);
			name = Frameworks;
			sourceTree = "<group>";
		};
		886B9D9917B179E500204701 /* Recipe 5-4 Tracking True Bearing */ = {
			isa = PBXGroup;
			children = (
				886B9DA217B179E600204701 /* AppDelegate.h */,
				886B9DA317B179E600204701 /* AppDelegate.m */,
				886B9DA517B179E600204701 /* Main.storyboard */,
				886B9DA817B179E600204701 /* ViewController.h */,
				886B9DA917B179E600204701 /* ViewController.m */,
				886B9DAB17B179E600204701 /* Images.xcassets */,
				886B9D9A17B179E600204701 /* Supporting Files */,
			);
			name = "Recipe 5-4 Tracking True Bearing";
			path = "Recipe 5-4: Tracking True Bearing";
			sourceTree = "<group>";
		};
		886B9D9A17B179E600204701 /* Supporting Files */ = {
			isa = PBXGroup;
			children = (
				886B9D9B17B179E600204701 /* Recipe 5-4 Tracking True Bearing-Info.plist */,
				886B9D9C17B179E600204701 /* InfoPlist.strings */,
				886B9D9F17B179E600204701 /* main.m */,
				886B9DA117B179E600204701 /* Recipe 5-4 Tracking True Bearing-Prefix.pch */,
			);
			name = "Supporting Files";
			sourceTree = "<group>";
		};
		886B9DB817B179E600204701 /* Recipe 5-4 Tracking True BearingTests */ = {
			isa = PBXGroup;
			children = (
				886B9DBE17B179E600204701 /* Recipe_5_4__Tracking_True_BearingTests.m */,
				886B9DB917B179E600204701 /* Supporting Files */,
			);
			name = "Recipe 5-4 Tracking True BearingTests";
			path = "Recipe 5-4: Tracking True BearingTests";
			sourceTree = "<group>";
		};
		886B9DB917B179E600204701 /* Supporting Files */ = {
			isa = PBXGroup;
			children = (
				886B9DBA17B179E600204701 /* Recipe 5-4 Tracking True BearingTests-Info.plist */,
				886B9DBB17B179E600204701 /* InfoPlist.strings */,
			);
			name = "Supporting Files";
			sourceTree = "<group>";
		};
/* End PBXGroup section */

/* Begin PBXNativeTarget section */
		886B9D8F17B179E500204701 /* Recipe 5-4 Tracking True Bearing */ = {
			isa = PBXNativeTarget;
			buildConfigurationList = 886B9DC217B179E600204701 /* Build configuration list for PBXNativeTarget "Recipe 5-4 Tracking True Bearing" */;
			buildPhases = (
				886B9D8C17B179E500204701 /* Sources */,
				886B9D8D17B179E500204701 /* Frameworks */,
				886B9D8E17B179E500204701 /* Resources */,
			);
			buildRules = (
			);
			dependencies = (
			);
			name = "Recipe 5-4 Tracking True Bearing";
			productName = "Recipe 5-4: Tracking True Bearing";
			productReference = 886B9D9017B179E500204701 /* Recipe 5-4 Tracking True Bearing.app */;
			productType = "com.apple.product-type.application";
		};
		886B9DB017B179E600204701 /* Recipe 5-4 Tracking True BearingTests */ = {
			isa = PBXNativeTarget;
			buildConfigurationList = 886B9DC517B179E600204701 /* Build configuration list for PBXNativeTarget "Recipe 5-4 Tracking True BearingTests" */;
			buildPhases = (
				886B9DAD17B179E600204701 /* Sources */,
				886B9DAE17B179E600204701 /* Frameworks */,
				886B9DAF17B179E600204701 /* Resources */,
			);
			buildRules = (
			);
			dependencies = (
				886B9DB717B179E600204701 /* PBXTargetDependency */,
			);
			name = "Recipe 5-4 Tracking True BearingTests";
			productName = "Recipe 5-4: Tracking True BearingTests";
			productReference = 886B9DB117B179E600204701 /* Recipe 5-4 Tracking True BearingTests.xctest */;
			productType = "com.apple.product-type.bundle.unit-test";
		};
/* End PBXNativeTarget section */

/* Begin PBXProject section */
		886B9D8817B179E500204701 /* Project object */ = {
			isa = PBXProject;
			attributes = {
				LastUpgradeCheck = 0500;
				ORGANIZATIONNAME = NSCookbook;
				TargetAttributes = {
					886B9DB017B179E600204701 = {
						TestTargetID = 886B9D8F17B179E500204701;
					};
				};
			};
			buildConfigurationList = 886B9D8B17B179E500204701 /* Build configuration list for PBXProject "Recipe 5-4 Tracking True Bearing" */;
			compatibilityVersion = "Xcode 3.2";
			developmentRegion = English;
			hasScannedForEncodings = 0;
			knownRegions = (
				en,
				Base,
			);
			mainGroup = 886B9D8717B179E500204701;
			productRefGroup = 886B9D9117B179E500204701 /* Products */;
			projectDirPath = "";
			projectRoot = "";
			targets = (
				886B9D8F17B179E500204701 /* Recipe 5-4 Tracking True Bearing */,
				886B9DB017B179E600204701 /* Recipe 5-4 Tracking True BearingTests */,
			);
		};
/* End PBXProject section */

/* Begin PBXResourcesBuildPhase section */
		886B9D8E17B179E500204701 /* Resources */ = {
			isa = PBXResourcesBuildPhase;
			buildActionMask = 2147483647;
			files = (
				886B9DAC17B179E600204701 /* Images.xcassets in Resources */,
				886B9D9E17B179E600204701 /* InfoPlist.strings in Resources */,
				886B9DA717B179E600204701 /* Main.storyboard in Resources */,
			);
			runOnlyForDeploymentPostprocessing = 0;
		};
		886B9DAF17B179E600204701 /* Resources */ = {
			isa = PBXResourcesBuildPhase;
			buildActionMask = 2147483647;
			files = (
				886B9DBD17B179E600204701 /* InfoPlist.strings in Resources */,
			);
			runOnlyForDeploymentPostprocessing = 0;
		};
/* End PBXResourcesBuildPhase section */

/* Begin PBXSourcesBuildPhase section */
		886B9D8C17B179E500204701 /* Sources */ = {
			isa = PBXSourcesBuildPhase;
			buildActionMask = 2147483647;
			files = (
				886B9DAA17B179E600204701 /* ViewController.m in Sources */,
				886B9DA417B179E600204701 /* AppDelegate.m in Sources */,
				886B9DA017B179E600204701 /* main.m in Sources */,
			);
			runOnlyForDeploymentPostprocessing = 0;
		};
		886B9DAD17B179E600204701 /* Sources */ = {
			isa = PBXSourcesBuildPhase;
			buildActionMask = 2147483647;
			files = (
				886B9DBF17B179E600204701 /* Recipe_5_4__Tracking_True_BearingTests.m in Sources */,
			);
			runOnlyForDeploymentPostprocessing = 0;
		};
/* End PBXSourcesBuildPhase section */

/* Begin PBXTargetDependency section */
		886B9DB717B179E600204701 /* PBXTargetDependency */ = {
			isa = PBXTargetDependency;
			target = 886B9D8F17B179E500204701 /* Recipe 5-4 Tracking True Bearing */;
			targetProxy = 886B9DB617B179E600204701 /* PBXContainerItemProxy */;
		};
/* End PBXTargetDependency section */

/* Begin PBXVariantGroup section */
		886B9D9C17B179E600204701 /* InfoPlist.strings */ = {
			isa = PBXVariantGroup;
			children = (
				886B9D9D17B179E600204701 /* en */,
			);
			name = InfoPlist.strings;
			sourceTree = "<group>";
		};
		886B9DA517B179E600204701 /* Main.storyboard */ = {
			isa = PBXVariantGroup;
			children = (
				886B9DA617B179E600204701 /* Base */,
			);
			name = Main.storyboard;
			sourceTree = "<group>";
		};
		886B9DBB17B179E600204701 /* InfoPlist.strings */ = {
			isa = PBXVariantGroup;
			children = (
				886B9DBC17B179E600204701 /* en */,
			);
			name = InfoPlist.strings;
			sourceTree = "<group>";
		};
/* End PBXVariantGroup section */

/* Begin XCBuildConfiguration section */
		886B9DC017B179E600204701 /* Debug */ = {
			isa = XCBuildConfiguration;
			buildSettings = {
				ALWAYS_SEARCH_USER_PATHS = NO;
				CLANG_CXX_LANGUAGE_STANDARD = "gnu++0x";
				CLANG_CXX_LIBRARY = "libc++";
				CLANG_ENABLE_MODULES = YES;
				CLANG_ENABLE_OBJC_ARC = YES;
				CLANG_WARN_BOOL_CONVERSION = YES;
				CLANG_WARN_CONSTANT_CONVERSION = YES;
				CLANG_WARN_DIRECT_OBJC_ISA_USAGE = YES_ERROR;
				CLANG_WARN_EMPTY_BODY = YES;
				CLANG_WARN_ENUM_CONVERSION = YES;
				CLANG_WARN_INT_CONVERSION = YES;
				CLANG_WARN_OBJC_ROOT_CLASS = YES_ERROR;
				CLANG_WARN__DUPLICATE_METHOD_MATCH = YES;
				"CODE_SIGN_IDENTITY[sdk=iphoneos*]" = "iPhone Developer";
				COPY_PHASE_STRIP = NO;
				GCC_C_LANGUAGE_STANDARD = gnu99;
				GCC_DYNAMIC_NO_PIC = NO;
				GCC_OPTIMIZATION_LEVEL = 0;
				GCC_PREPROCESSOR_DEFINITIONS = (
					"DEBUG=1",
					"$(inherited)",
				);
				GCC_SYMBOLS_PRIVATE_EXTERN = NO;
				GCC_WARN_ABOUT_RETURN_TYPE = YES_ERROR;
				GCC_WARN_UNDECLARED_SELECTOR = YES;
				GCC_WARN_UNINITIALIZED_AUTOS = YES;
				GCC_WARN_UNUSED_FUNCTION = YES;
				GCC_WARN_UNUSED_VARIABLE = YES;
				IPHONEOS_DEPLOYMENT_TARGET = 7.0;
				ONLY_ACTIVE_ARCH = YES;
				SDKROOT = iphoneos;
			};
			name = Debug;
		};
		886B9DC117B179E600204701 /* Release */ = {
			isa = XCBuildConfiguration;
			buildSettings = {
				ALWAYS_SEARCH_USER_PATHS = NO;
				CLANG_CXX_LANGUAGE_STANDARD = "gnu++0x";
				CLANG_CXX_LIBRARY = "libc++";
				CLANG_ENABLE_MODULES = YES;
				CLANG_ENABLE_OBJC_ARC = YES;
				CLANG_WARN_BOOL_CONVERSION = YES;
				CLANG_WARN_CONSTANT_CONVERSION = YES;
				CLANG_WARN_DIRECT_OBJC_ISA_USAGE = YES_ERROR;
				CLANG_WARN_EMPTY_BODY = YES;
				CLANG_WARN_ENUM_CONVERSION = YES;
				CLANG_WARN_INT_CONVERSION = YES;
				CLANG_WARN_OBJC_ROOT_CLASS = YES_ERROR;
				CLANG_WARN__DUPLICATE_METHOD_MATCH = YES;
				"CODE_SIGN_IDENTITY[sdk=iphoneos*]" = "iPhone Developer";
				COPY_PHASE_STRIP = YES;
				ENABLE_NS_ASSERTIONS = NO;
				GCC_C_LANGUAGE_STANDARD = gnu99;
				GCC_WARN_ABOUT_RETURN_TYPE = YES_ERROR;
				GCC_WARN_UNDECLARED_SELECTOR = YES;
				GCC_WARN_UNINITIALIZED_AUTOS = YES;
				GCC_WARN_UNUSED_FUNCTION = YES;
				GCC_WARN_UNUSED_VARIABLE = YES;
				IPHONEOS_DEPLOYMENT_TARGET = 7.0;
				SDKROOT = iphoneos;
				VALIDATE_PRODUCT = YES;
			};
			name = Release;
		};
		886B9DC317B179E600204701 /* Debug */ = {
			isa = XCBuildConfiguration;
			buildSettings = {
				ASSETCATALOG_COMPILER_APPICON_NAME = AppIcon;
				ASSETCATALOG_COMPILER_LAUNCHIMAGE_NAME = LaunchImage;
				GCC_PRECOMPILE_PREFIX_HEADER = YES;
				GCC_PREFIX_HEADER = "Recipe 5-4: Tracking True Bearing/Recipe 5-4 Tracking True Bearing-Prefix.pch";
				INFOPLIST_FILE = "Recipe 5-4: Tracking True Bearing/Recipe 5-4 Tracking True Bearing-Info.plist";
				PRODUCT_NAME = "Recipe 5-4 Tracking True Bearing";
				WRAPPER_EXTENSION = app;
			};
			name = Debug;
		};
		886B9DC417B179E600204701 /* Release */ = {
			isa = XCBuildConfiguration;
			buildSettings = {
				ASSETCATALOG_COMPILER_APPICON_NAME = AppIcon;
				ASSETCATALOG_COMPILER_LAUNCHIMAGE_NAME = LaunchImage;
				GCC_PRECOMPILE_PREFIX_HEADER = YES;
				GCC_PREFIX_HEADER = "Recipe 5-4: Tracking True Bearing/Recipe 5-4 Tracking True Bearing-Prefix.pch";
				INFOPLIST_FILE = "Recipe 5-4: Tracking True Bearing/Recipe 5-4 Tracking True Bearing-Info.plist";
				PRODUCT_NAME = "Recipe 5-4 Tracking True Bearing";
				WRAPPER_EXTENSION = app;
			};
			name = Release;
		};
		886B9DC617B179E600204701 /* Debug */ = {
			isa = XCBuildConfiguration;
			buildSettings = {
				BUNDLE_LOADER = "$(BUILT_PRODUCTS_DIR)/Recipe 5-4: Tracking True Bearing.app/Recipe 5-4: Tracking True Bearing";
				FRAMEWORK_SEARCH_PATHS = (
					"$(SDKROOT)/Developer/Library/Frameworks",
					"$(inherited)",
					"$(SYSTEM_APPS_DIR)/Xcode5-DP3.app/Contents/Developer/Library/Frameworks",
				);
				GCC_PRECOMPILE_PREFIX_HEADER = YES;
				GCC_PREFIX_HEADER = "Recipe 5-4: Tracking True Bearing/Recipe 5-4: Tracking True Bearing-Prefix.pch";
				GCC_PREPROCESSOR_DEFINITIONS = (
					"DEBUG=1",
					"$(inherited)",
				);
				INFOPLIST_FILE = "Recipe 5-4: Tracking True BearingTests/Recipe 5-4 Tracking True BearingTests-Info.plist";
				PRODUCT_NAME = "Recipe 5-4 Tracking True BearingTests";
				TEST_HOST = "$(BUNDLE_LOADER)";
				WRAPPER_EXTENSION = xctest;
			};
			name = Debug;
		};
		886B9DC717B179E600204701 /* Release */ = {
			isa = XCBuildConfiguration;
			buildSettings = {
				BUNDLE_LOADER = "$(BUILT_PRODUCTS_DIR)/Recipe 5-4: Tracking True Bearing.app/Recipe 5-4: Tracking True Bearing";
				FRAMEWORK_SEARCH_PATHS = (
					"$(SDKROOT)/Developer/Library/Frameworks",
					"$(inherited)",
					"$(SYSTEM_APPS_DIR)/Xcode5-DP3.app/Contents/Developer/Library/Frameworks",
				);
				GCC_PRECOMPILE_PREFIX_HEADER = YES;
				GCC_PREFIX_HEADER = "Recipe 5-4: Tracking True Bearing/Recipe 5-4: Tracking True Bearing-Prefix.pch";
				INFOPLIST_FILE = "Recipe 5-4: Tracking True BearingTests/Recipe 5-4 Tracking True BearingTests-Info.plist";
				PRODUCT_NAME = "Recipe 5-4 Tracking True BearingTests";
				TEST_HOST = "$(BUNDLE_LOADER)";
				WRAPPER_EXTENSION = xctest;
			};
			name = Release;
		};
/* End XCBuildConfiguration section */

/* Begin XCConfigurationList section */
		886B9D8B17B179E500204701 /* Build configuration list for PBXProject "Recipe 5-4 Tracking True Bearing" */ = {
			isa = XCConfigurationList;
			buildConfigurations = (
				886B9DC017B179E600204701 /* Debug */,
				886B9DC117B179E600204701 /* Release */,
			);
			defaultConfigurationIsVisible = 0;
			defaultConfigurationName = Release;
		};
		886B9DC217B179E600204701 /* Build configuration list for PBXNativeTarget "Recipe 5-4 Tracking True Bearing" */ = {
			isa = XCConfigurationList;
			buildConfigurations = (
				886B9DC317B179E600204701 /* Debug */,
				886B9DC417B179E600204701 /* Release */,
			);
			defaultConfigurationIsVisible = 0;
			defaultConfigurationName = Release;
		};
		886B9DC517B179E600204701 /* Build configuration list for PBXNativeTarget "Recipe 5-4 Tracking True BearingTests" */ = {
			isa = XCConfigurationList;
			buildConfigurations = (
				886B9DC617B179E600204701 /* Debug */,
				886B9DC717B179E600204701 /* Release */,
			);
			defaultConfigurationIsVisible = 0;
			defaultConfigurationName = Release;
		};
/* End XCConfigurationList section */
	};
	rootObject = 886B9D8817B179E500204701 /* Project object */;
}
